<?xml version="1.0" encoding="utf-8"?>
<Project ToolsVersion="4.0" xmlns="http://schemas.microsoft.com/developer/msbuild/2003">
  <ItemGroup>
    <Filter Include="Header Files">
      <UniqueIdentifier>{673b0ca9-397f-4a98-b019-d414f8a501b9}</UniqueIdentifier>
    </Filter>
    <Filter Include="Source Files">
      <UniqueIdentifier>{8db1b69f-85b6-40b1-9046-986c4f99f49d}</UniqueIdentifier>
    </Filter>
  </ItemGroup>
  <ItemGroup>
    <ClCompile Include="main.c">
      <Filter>Source Files</Filter>
    </ClCompile>
    <ClCompile Include="mainmenu.c">
      <Filter>Source Files</Filter>
    </ClCompile>
    <ClCompile Include="game.c">
      <Filter>Source Files</Filter>
    </ClCompile>
    <ClCompile Include="character.c">
      <Filter>Source Files</Filter>
    </ClCompile>
    <ClCompile Include="gameover.c">
      <Filter>Source Files</Filter>
    </ClCompile>
    <ClCompile Include="gamelvl2.c">
      <Filter>Source Files</Filter>
    </ClCompile>
    <ClCompile Include="howtoplay.c">
      <Filter>Source Files</Filter>
    </ClCompile>
    <ClCompile Include="transitiontolvl2.c">
      <Filter>Source Files</Filter>
    </ClCompile>
    <ClCompile Include="gamelvl3.c">
      <Filter>Source Files</Filter>
    </ClCompile>
    <ClCompile Include="transitiontolvl3.c">
      <Filter>Source Files</Filter>
    </ClCompile>
    <ClCompile Include="transitiontolvl1.c">
      <Filter>Source Files</Filter>
    </ClCompile>
  </ItemGroup>
  <ItemGroup>
    <ClInclude Include="mainmenu.h">
      <Filter>Header Files</Filter>
    </ClInclude>
    <ClInclude Include="game.h">
      <Filter>Header Files</Filter>
    </ClInclude>
    <ClInclude Include="character.h">
      <Filter>Header Files</Filter>
    </ClInclude>
    <ClInclude Include="gameover.h">
      <Filter>Header Files</Filter>
    </ClInclude>
    <ClInclude Include="gamelvl2.h">
      <Filter>Header Files</Filter>
    </ClInclude>
    <ClInclude Include="gamelvl3.h">
      <Filter>Header Files</Filter>
    </ClInclude>
    <ClInclude Include="transitiontolvl3.h">
      <Filter>Header Files</Filter>
    </ClInclude>
    <ClInclude Include="transitiontolvl2.h">
      <Filter>Header Files</Filter>
    </ClInclude>
    <ClInclude Include="howtoplay.h">
      <Filter>Header Files</Filter>
    </ClInclude>
    <ClInclude Include="transitiontolvl1.h">
      <Filter>Header Files</Filter>
    </ClInclude>
  </ItemGroup>
</Project>